
Microsoft Visual Studio Solution File, Format Version 12.00
# Visual Studio 15
VisualStudioVersion = 15.0.28010.2036
MinimumVisualStudioVersion = 10.0.40219.1
Project("{8BC9CEB8-8B4A-11D0-8D11-00A0C91BC942}") = "Constrast", "Constrast.vcxproj", "{8522EF18-F159-4D7B-B173-622A42F4EB7F}"
EndProject
Global
	GlobalSection(SolutionConfigurationPlatforms) = preSolution
		Debug|x64 = Debug|x64
		Debug|x86 = Debug|x86
		Release|x64 = Release|x64
		Release|x86 = Release|x86
	EndGlobalSection
	GlobalSection(ProjectConfigurationPlatforms) = postSolution
		{8522EF18-F159-4D7B-B173-622A42F4EB7F}.Debug|x64.ActiveCfg = Debug|x64
		{8522EF18-F159-4D7B-B173-622A42F4EB7F}.Debug|x64.Build.0 = Debug|x64
		{8522EF18-F159-4D7B-B173-622A42F4EB7F}.Debug|x86.ActiveCfg = Debug|Win32
		{8522EF18-F159-4D7B-B173-622A42F4EB7F}.Debug|x86.Build.0 = Debug|Win32
		{8522EF18-F159-4D7B-B173-622A42F4EB7F}.Release|x64.ActiveCfg = Release|x64
		{8522EF18-F159-4D7B-B173-622A42F4EB7F}.Release|x64.Build.0 = Release|x64
		{8522EF18-F159-4D7B-B173-622A42F4EB7F}.Release|x86.ActiveCfg = Release|Win32
		{8522EF18-F159-4D7B-B173-622A42F4EB7F}.Release|x86.Build.0 = Release|Win32
	EndGlobalSection
	GlobalSection(SolutionProperties) = preSolution
		HideSolutionNode = FALSE
	EndGlobalSection
	GlobalSection(ExtensibilityGlobals) = postSolution
		SolutionGuid = {F38047E5-13F2-4258-A55F-1FFF536FC847}
	EndGlobalSection
EndGlobal
